
Microsoft Visual Studio Solution File, Format Version 12.00
# Visual Studio Version 17
VisualStudioVersion = 17.10.34928.147
MinimumVisualStudioVersion = 10.0.40219.1
Project("{FAE04EC0-301F-11D3-BF4B-00C04F79EFBC}") = "E_Ticaret_Demo", "E_Ticaret_Demo\E_Ticaret_Demo.csproj", "{F3ED1077-8601-4FBC-9DF6-78280B271F26}"
EndProject
Global
	GlobalSection(SolutionConfigurationPlatforms) = preSolution
		Debug|Any CPU = Debug|Any CPU
		Release|Any CPU = Release|Any CPU
	EndGlobalSection
	GlobalSection(ProjectConfigurationPlatforms) = postSolution
		{F3ED1077-8601-4FBC-9DF6-78280B271F26}.Debug|Any CPU.ActiveCfg = Debug|Any CPU
		{F3ED1077-8601-4FBC-9DF6-78280B271F26}.Debug|Any CPU.Build.0 = Debug|Any CPU
		{F3ED1077-8601-4FBC-9DF6-78280B271F26}.Release|Any CPU.ActiveCfg = Release|Any CPU
		{F3ED1077-8601-4FBC-9DF6-78280B271F26}.Release|Any CPU.Build.0 = Release|Any CPU
	EndGlobalSection
	GlobalSection(SolutionProperties) = preSolution
		HideSolutionNode = FALSE
	EndGlobalSection
	GlobalSection(ExtensibilityGlobals) = postSolution
		SolutionGuid = {67153477-F563-4503-A799-A34F0D44B4E8}
	EndGlobalSection
EndGlobal
